// !$*UTF8*$!
{
	archiveVersion = 1;
	classes = {
	};
	objectVersion = 77;
	objects = {

/* Begin PBXBuildFile section */
		EED5A4352CC2553400D91781 /* Assets.xcassets in Resources */ = {isa = PBXBuildFile; fileRef = EED5A42C2CC2553400D91781 /* Assets.xcassets */; };
		EED5A4372CC2553400D91781 /* LaunchScreen.storyboard in Resources */ = {isa = PBXBuildFile; fileRef = EED5A42F2CC2553400D91781 /* LaunchScreen.storyboard */; };
		EED5A4382CC2553400D91781 /* Main.storyboard in Resources */ = {isa = PBXBuildFile; fileRef = EED5A4312CC2553400D91781 /* Main.storyboard */; };
		EED5A4392CC2553400D91781 /* AppDelegate.swift in Sources */ = {isa = PBXBuildFile; fileRef = EED5A42B2CC2553400D91781 /* AppDelegate.swift */; };
		EED5A43A2CC2553400D91781 /* SceneDelegate.swift in Sources */ = {isa = PBXBuildFile; fileRef = EED5A4322CC2553400D91781 /* SceneDelegate.swift */; };
		EED5A43B2CC2553400D91781 /* QuoteViewController.swift in Sources */ = {isa = PBXBuildFile; fileRef = EED5A4332CC2553400D91781 /* QuoteViewController.swift */; };
/* End PBXBuildFile section */

/* Begin PBXContainerItemProxy section */
		EE782E382CC353B300311B08 /* PBXContainerItemProxy */ = {
			isa = PBXContainerItemProxy;
			containerPortal = EED5A40B2CC2552C00D91781 /* Project object */;
			proxyType = 1;
			remoteGlobalIDString = EED5A4122CC2552C00D91781;
			remoteInfo = "mvvm-combine-demo";
		};
/* End PBXContainerItemProxy section */

/* Begin PBXFileReference section */
		EE782E342CC353B300311B08 /* mvvm-combine-demoTests.xctest */ = {isa = PBXFileReference; explicitFileType = wrapper.cfbundle; includeInIndex = 0; path = "mvvm-combine-demoTests.xctest"; sourceTree = BUILT_PRODUCTS_DIR; };
		EED5A4132CC2552C00D91781 /* mvvm-combine-demo.app */ = {isa = PBXFileReference; explicitFileType = wrapper.application; includeInIndex = 0; path = "mvvm-combine-demo.app"; sourceTree = BUILT_PRODUCTS_DIR; };
		EED5A42B2CC2553400D91781 /* AppDelegate.swift */ = {isa = PBXFileReference; lastKnownFileType = sourcecode.swift; path = AppDelegate.swift; sourceTree = "<group>"; };
		EED5A42C2CC2553400D91781 /* Assets.xcassets */ = {isa = PBXFileReference; lastKnownFileType = folder.assetcatalog; path = Assets.xcassets; sourceTree = "<group>"; };
		EED5A42D2CC2553400D91781 /* Info.plist */ = {isa = PBXFileReference; lastKnownFileType = text.plist.xml; path = Info.plist; sourceTree = "<group>"; };
		EED5A42E2CC2553400D91781 /* Base */ = {isa = PBXFileReference; lastKnownFileType = file.storyboard; name = Base; path = Base.lproj/LaunchScreen.storyboard; sourceTree = "<group>"; };
		EED5A4302CC2553400D91781 /* Base */ = {isa = PBXFileReference; lastKnownFileType = file.storyboard; name = Base; path = Base.lproj/Main.storyboard; sourceTree = "<group>"; };
		EED5A4322CC2553400D91781 /* SceneDelegate.swift */ = {isa = PBXFileReference; lastKnownFileType = sourcecode.swift; path = SceneDelegate.swift; sourceTree = "<group>"; };
		EED5A4332CC2553400D91781 /* QuoteViewController.swift */ = {isa = PBXFileReference; lastKnownFileType = sourcecode.swift; path = QuoteViewController.swift; sourceTree = "<group>"; };
/* End PBXFileReference section */

/* Begin PBXFileSystemSynchronizedRootGroup section */
		EE782E352CC353B300311B08 /* mvvm-combine-demoTests */ = {
			isa = PBXFileSystemSynchronizedRootGroup;
			path = "mvvm-combine-demoTests";
			sourceTree = "<group>";
		};
/* End PBXFileSystemSynchronizedRootGroup section */

/* Begin PBXFrameworksBuildPhase section */
		EE782E312CC353B300311B08 /* Frameworks */ = {
			isa = PBXFrameworksBuildPhase;
			buildActionMask = 2147483647;
			files = (
			);
			runOnlyForDeploymentPostprocessing = 0;
		};
		EED5A4102CC2552C00D91781 /* Frameworks */ = {
			isa = PBXFrameworksBuildPhase;
			buildActionMask = 2147483647;
			files = (
			);
			runOnlyForDeploymentPostprocessing = 0;
		};
/* End PBXFrameworksBuildPhase section */

/* Begin PBXGroup section */
		EED5A40A2CC2552C00D91781 = {
			isa = PBXGroup;
			children = (
				EED5A4342CC2553400D91781 /* mvvm-combine-demo */,
				EE782E352CC353B300311B08 /* mvvm-combine-demoTests */,
				EED5A4142CC2552C00D91781 /* Products */,
			);
			sourceTree = "<group>";
		};
		EED5A4142CC2552C00D91781 /* Products */ = {
			isa = PBXGroup;
			children = (
				EED5A4132CC2552C00D91781 /* mvvm-combine-demo.app */,
				EE782E342CC353B300311B08 /* mvvm-combine-demoTests.xctest */,
			);
			name = Products;
			sourceTree = "<group>";
		};
		EED5A4342CC2553400D91781 /* mvvm-combine-demo */ = {
			isa = PBXGroup;
			children = (
				EED5A42B2CC2553400D91781 /* AppDelegate.swift */,
				EED5A42C2CC2553400D91781 /* Assets.xcassets */,
				EED5A42D2CC2553400D91781 /* Info.plist */,
				EED5A42F2CC2553400D91781 /* LaunchScreen.storyboard */,
				EED5A4312CC2553400D91781 /* Main.storyboard */,
				EED5A4322CC2553400D91781 /* SceneDelegate.swift */,
				EED5A4332CC2553400D91781 /* QuoteViewController.swift */,
			);
			path = "mvvm-combine-demo";
			sourceTree = "<group>";
		};
/* End PBXGroup section */

/* Begin PBXNativeTarget section */
		EE782E332CC353B300311B08 /* mvvm-combine-demoTests */ = {
			isa = PBXNativeTarget;
			buildConfigurationList = EE782E3C2CC353B300311B08 /* Build configuration list for PBXNativeTarget "mvvm-combine-demoTests" */;
			buildPhases = (
				EE782E302CC353B300311B08 /* Sources */,
				EE782E312CC353B300311B08 /* Frameworks */,
				EE782E322CC353B300311B08 /* Resources */,
			);
			buildRules = (
			);
			dependencies = (
				EE782E392CC353B300311B08 /* PBXTargetDependency */,
			);
			fileSystemSynchronizedGroups = (
				EE782E352CC353B300311B08 /* mvvm-combine-demoTests */,
			);
			name = "mvvm-combine-demoTests";
			packageProductDependencies = (
			);
			productName = "mvvm-combine-demoTests";
			productReference = EE782E342CC353B300311B08 /* mvvm-combine-demoTests.xctest */;
			productType = "com.apple.product-type.bundle.unit-test";
		};
		EED5A4122CC2552C00D91781 /* mvvm-combine-demo */ = {
			isa = PBXNativeTarget;
			buildConfigurationList = EED5A4262CC2552E00D91781 /* Build configuration list for PBXNativeTarget "mvvm-combine-demo" */;
			buildPhases = (
				EED5A40F2CC2552C00D91781 /* Sources */,
				EED5A4102CC2552C00D91781 /* Frameworks */,
				EED5A4112CC2552C00D91781 /* Resources */,
			);
			buildRules = (
			);
			dependencies = (
			);
			name = "mvvm-combine-demo";
			packageProductDependencies = (
			);
			productName = "mvvm-combine-demo";
			productReference = EED5A4132CC2552C00D91781 /* mvvm-combine-demo.app */;
			productType = "com.apple.product-type.application";
		};
/* End PBXNativeTarget section */

/* Begin PBXProject section */
		EED5A40B2CC2552C00D91781 /* Project object */ = {
			isa = PBXProject;
			attributes = {
				BuildIndependentTargetsInParallel = 1;
				LastSwiftUpdateCheck = 1600;
				LastUpgradeCheck = 1600;
				TargetAttributes = {
					EE782E332CC353B300311B08 = {
						CreatedOnToolsVersion = 16.0;
						TestTargetID = EED5A4122CC2552C00D91781;
					};
					EED5A4122CC2552C00D91781 = {
						CreatedOnToolsVersion = 16.0;
					};
				};
			};
			buildConfigurationList = EED5A40E2CC2552C00D91781 /* Build configuration list for PBXProject "mvvm-combine-demo" */;
			developmentRegion = en;
			hasScannedForEncodings = 0;
			knownRegions = (
				en,
				Base,
			);
			mainGroup = EED5A40A2CC2552C00D91781;
			minimizedProjectReferenceProxies = 1;
			preferredProjectObjectVersion = 77;
			productRefGroup = EED5A4142CC2552C00D91781 /* Products */;
			projectDirPath = "";
			projectRoot = "";
			targets = (
				EED5A4122CC2552C00D91781 /* mvvm-combine-demo */,
				EE782E332CC353B300311B08 /* mvvm-combine-demoTests */,
			);
		};
/* End PBXProject section */

/* Begin PBXResourcesBuildPhase section */
		EE782E322CC353B300311B08 /* Resources */ = {
			isa = PBXResourcesBuildPhase;
			buildActionMask = 2147483647;
			files = (
			);
			runOnlyForDeploymentPostprocessing = 0;
		};
		EED5A4112CC2552C00D91781 /* Resources */ = {
			isa = PBXResourcesBuildPhase;
			buildActionMask = 2147483647;
			files = (
				EED5A4352CC2553400D91781 /* Assets.xcassets in Resources */,
				EED5A4372CC2553400D91781 /* LaunchScreen.storyboard in Resources */,
				EED5A4382CC2553400D91781 /* Main.storyboard in Resources */,
			);
			runOnlyForDeploymentPostprocessing = 0;
		};
/* End PBXResourcesBuildPhase section */

/* Begin PBXSourcesBuildPhase section */
		EE782E302CC353B300311B08 /* Sources */ = {
			isa = PBXSourcesBuildPhase;
			buildActionMask = 2147483647;
			files = (
			);
			runOnlyForDeploymentPostprocessing = 0;
		};
		EED5A40F2CC2552C00D91781 /* Sources */ = {
			isa = PBXSourcesBuildPhase;
			buildActionMask = 2147483647;
			files = (
				EED5A4392CC2553400D91781 /* AppDelegate.swift in Sources */,
				EED5A43A2CC2553400D91781 /* SceneDelegate.swift in Sources */,
				EED5A43B2CC2553400D91781 /* QuoteViewController.swift in Sources */,
			);
			runOnlyForDeploymentPostprocessing = 0;
		};
/* End PBXSourcesBuildPhase section */

/* Begin PBXTargetDependency section */
		EE782E392CC353B300311B08 /* PBXTargetDependency */ = {
			isa = PBXTargetDependency;
			target = EED5A4122CC2552C00D91781 /* mvvm-combine-demo */;
			targetProxy = EE782E382CC353B300311B08 /* PBXContainerItemProxy */;
		};
/* End PBXTargetDependency section */

/* Begin PBXVariantGroup section */
		EED5A42F2CC2553400D91781 /* LaunchScreen.storyboard */ = {
			isa = PBXVariantGroup;
			children = (
				EED5A42E2CC2553400D91781 /* Base */,
			);
			name = LaunchScreen.storyboard;
			sourceTree = "<group>";
		};
		EED5A4312CC2553400D91781 /* Main.storyboard */ = {
			isa = PBXVariantGroup;
			children = (
				EED5A4302CC2553400D91781 /* Base */,
			);
			name = Main.storyboard;
			sourceTree = "<group>";
		};
/* End PBXVariantGroup section */

/* Begin XCBuildConfiguration section */
		EE782E3A2CC353B300311B08 /* Debug */ = {
			isa = XCBuildConfiguration;
			buildSettings = {
				BUNDLE_LOADER = "$(TEST_HOST)";
				CODE_SIGN_STYLE = Automatic;
				CURRENT_PROJECT_VERSION = 1;
				DEVELOPMENT_TEAM = 53JP7T2TYF;
				GENERATE_INFOPLIST_FILE = YES;
				MARKETING_VERSION = 1.0;
				PRODUCT_BUNDLE_IDENTIFIER = "com.Jackie.mvvm-combine-demoTests";
				PRODUCT_NAME = "$(TARGET_NAME)";
				SWIFT_EMIT_LOC_STRINGS = NO;
				SWIFT_VERSION = 5.0;
				TARGETED_DEVICE_FAMILY = "1,2";
				TEST_HOST = "$(BUILT_PRODUCTS_DIR)/mvvm-combine-demo.app/$(BUNDLE_EXECUTABLE_FOLDER_PATH)/mvvm-combine-demo";
			};
			name = Debug;
		};
		EE782E3B2CC353B300311B08 /* Release */ = {
			isa = XCBuildConfiguration;
			buildSettings = {
				BUNDLE_LOADER = "$(TEST_HOST)";
				CODE_SIGN_STYLE = Automatic;
				CURRENT_PROJECT_VERSION = 1;
				DEVELOPMENT_TEAM = 53JP7T2TYF;
				GENERATE_INFOPLIST_FILE = YES;
				MARKETING_VERSION = 1.0;
				PRODUCT_BUNDLE_IDENTIFIER = "com.Jackie.mvvm-combine-demoTests";
				PRODUCT_NAME = "$(TARGET_NAME)";
				SWIFT_EMIT_LOC_STRINGS = NO;
				SWIFT_VERSION = 5.0;
				TARGETED_DEVICE_FAMILY = "1,2";
				TEST_HOST = "$(BUILT_PRODUCTS_DIR)/mvvm-combine-demo.app/$(BUNDLE_EXECUTABLE_FOLDER_PATH)/mvvm-combine-demo";
			};
			name = Release;
		};
		EED5A4272CC2552E00D91781 /* Debug */ = {
			isa = XCBuildConfiguration;
			buildSettings = {
				ASSETCATALOG_COMPILER_APPICON_NAME = AppIcon;
				ASSETCATALOG_COMPILER_GLOBAL_ACCENT_COLOR_NAME = AccentColor;
				CODE_SIGN_STYLE = Automatic;
				CURRENT_PROJECT_VERSION = 1;
				DEVELOPMENT_TEAM = 53JP7T2TYF;
				GENERATE_INFOPLIST_FILE = YES;
				INFOPLIST_FILE = "mvvm-combine-demo/Info.plist";
				INFOPLIST_KEY_UIApplicationSupportsIndirectInputEvents = YES;
				INFOPLIST_KEY_UILaunchStoryboardName = LaunchScreen;
				INFOPLIST_KEY_UIMainStoryboardFile = Main;
				INFOPLIST_KEY_UISupportedInterfaceOrientations_iPad = "UIInterfaceOrientationPortrait UIInterfaceOrientationPortraitUpsideDown UIInterfaceOrientationLandscapeLeft UIInterfaceOrientationLandscapeRight";
				INFOPLIST_KEY_UISupportedInterfaceOrientations_iPhone = "UIInterfaceOrientationPortrait UIInterfaceOrientationLandscapeLeft UIInterfaceOrientationLandscapeRight";
				LD_RUNPATH_SEARCH_PATHS = (
					"$(inherited)",
					"@executable_path/Frameworks",
				);
				MARKETING_VERSION = 1.0;
				PRODUCT_BUNDLE_IDENTIFIER = "com.Jackie.mvvm-combine-demo";
				PRODUCT_NAME = "$(TARGET_NAME)";
				SWIFT_EMIT_LOC_STRINGS = YES;
				SWIFT_VERSION = 5.0;
				TARGETED_DEVICE_FAMILY = "1,2";
			};
			name = Debug;
		};
		EED5A4282CC2552E00D91781 /* Release */ = {
			isa = XCBuildConfiguration;
			buildSettings = {
				ASSETCATALOG_COMPILER_APPICON_NAME = AppIcon;
				ASSETCATALOG_COMPILER_GLOBAL_ACCENT_COLOR_NAME = AccentColor;
				CODE_SIGN_STYLE = Automatic;
				CURRENT_PROJECT_VERSION = 1;
				DEVELOPMENT_TEAM = 53JP7T2TYF;
				GENERATE_INFOPLIST_FILE = YES;
				INFOPLIST_FILE = "mvvm-combine-demo/Info.plist";
				INFOPLIST_KEY_UIApplicationSupportsIndirectInputEvents = YES;
				INFOPLIST_KEY_UILaunchStoryboardName = LaunchScreen;
				INFOPLIST_KEY_UIMainStoryboardFile = Main;
				INFOPLIST_KEY_UISupportedInterfaceOrientations_iPad = "UIInterfaceOrientationPortrait UIInterfaceOrientationPortraitUpsideDown UIInterfaceOrientationLandscapeLeft UIInterfaceOrientationLandscapeRight";
				INFOPLIST_KEY_UISupportedInterfaceOrientations_iPhone = "UIInterfaceOrientationPortrait UIInterfaceOrientationLandscapeLeft UIInterfaceOrientationLandscapeRight";
				LD_RUNPATH_SEARCH_PATHS = (
					"$(inherited)",
					"@executable_path/Frameworks",
				);
				MARKETING_VERSION = 1.0;
				PRODUCT_BUNDLE_IDENTIFIER = "com.Jackie.mvvm-combine-demo";
				PRODUCT_NAME = "$(TARGET_NAME)";
				SWIFT_EMIT_LOC_STRINGS = YES;
				SWIFT_VERSION = 5.0;
				TARGETED_DEVICE_FAMILY = "1,2";
			};
			name = Release;
		};
		EED5A4292CC2552E00D91781 /* Debug */ = {
			isa = XCBuildConfiguration;
			buildSettings = {
				ALWAYS_SEARCH_USER_PATHS = NO;
				ASSETCATALOG_COMPILER_GENERATE_SWIFT_ASSET_SYMBOL_EXTENSIONS = YES;
				CLANG_ANALYZER_NONNULL = YES;
				CLANG_ANALYZER_NUMBER_OBJECT_CONVERSION = YES_AGGRESSIVE;
				CLANG_CXX_LANGUAGE_STANDARD = "gnu++20";
				CLANG_ENABLE_MODULES = YES;
				CLANG_ENABLE_OBJC_ARC = YES;
				CLANG_ENABLE_OBJC_WEAK = YES;
				CLANG_WARN_BLOCK_CAPTURE_AUTORELEASING = YES;
				CLANG_WARN_BOOL_CONVERSION = YES;
				CLANG_WARN_COMMA = YES;
				CLANG_WARN_CONSTANT_CONVERSION = YES;
				CLANG_WARN_DEPRECATED_OBJC_IMPLEMENTATIONS = YES;
				CLANG_WARN_DIRECT_OBJC_ISA_USAGE = YES_ERROR;
				CLANG_WARN_DOCUMENTATION_COMMENTS = YES;
				CLANG_WARN_EMPTY_BODY = YES;
				CLANG_WARN_ENUM_CONVERSION = YES;
				CLANG_WARN_INFINITE_RECURSION = YES;
				CLANG_WARN_INT_CONVERSION = YES;
				CLANG_WARN_NON_LITERAL_NULL_CONVERSION = YES;
				CLANG_WARN_OBJC_IMPLICIT_RETAIN_SELF = YES;
				CLANG_WARN_OBJC_LITERAL_CONVERSION = YES;
				CLANG_WARN_OBJC_ROOT_CLASS = YES_ERROR;
				CLANG_WARN_QUOTED_INCLUDE_IN_FRAMEWORK_HEADER = YES;
				CLANG_WARN_RANGE_LOOP_ANALYSIS = YES;
				CLANG_WARN_STRICT_PROTOTYPES = YES;
				CLANG_WARN_SUSPICIOUS_MOVE = YES;
				CLANG_WARN_UNGUARDED_AVAILABILITY = YES_AGGRESSIVE;
				CLANG_WARN_UNREACHABLE_CODE = YES;
				CLANG_WARN__DUPLICATE_METHOD_MATCH = YES;
				COPY_PHASE_STRIP = NO;
				DEBUG_INFORMATION_FORMAT = dwarf;
				ENABLE_STRICT_OBJC_MSGSEND = YES;
				ENABLE_TESTABILITY = YES;
				ENABLE_USER_SCRIPT_SANDBOXING = YES;
				GCC_C_LANGUAGE_STANDARD = gnu17;
				GCC_DYNAMIC_NO_PIC = NO;
				GCC_NO_COMMON_BLOCKS = YES;
				GCC_OPTIMIZATION_LEVEL = 0;
				GCC_PREPROCESSOR_DEFINITIONS = (
					"DEBUG=1",
					"$(inherited)",
				);
				GCC_WARN_64_TO_32_BIT_CONVERSION = YES;
				GCC_WARN_ABOUT_RETURN_TYPE = YES_ERROR;
				GCC_WARN_UNDECLARED_SELECTOR = YES;
				GCC_WARN_UNINITIALIZED_AUTOS = YES_AGGRESSIVE;
				GCC_WARN_UNUSED_FUNCTION = YES;
				GCC_WARN_UNUSED_VARIABLE = YES;
				IPHONEOS_DEPLOYMENT_TARGET = 18.0;
				LOCALIZATION_PREFERS_STRING_CATALOGS = YES;
				MTL_ENABLE_DEBUG_INFO = INCLUDE_SOURCE;
				MTL_FAST_MATH = YES;
				ONLY_ACTIVE_ARCH = YES;
				SDKROOT = iphoneos;
				SWIFT_ACTIVE_COMPILATION_CONDITIONS = "DEBUG $(inherited)";
				SWIFT_OPTIMIZATION_LEVEL = "-Onone";
			};
			name = Debug;
		};
		EED5A42A2CC2552E00D91781 /* Release */ = {
			isa = XCBuildConfiguration;
			buildSettings = {
				ALWAYS_SEARCH_USER_PATHS = NO;
				ASSETCATALOG_COMPILER_GENERATE_SWIFT_ASSET_SYMBOL_EXTENSIONS = YES;
				CLANG_ANALYZER_NONNULL = YES;
				CLANG_ANALYZER_NUMBER_OBJECT_CONVERSION = YES_AGGRESSIVE;
				CLANG_CXX_LANGUAGE_STANDARD = "gnu++20";
				CLANG_ENABLE_MODULES = YES;
				CLANG_ENABLE_OBJC_ARC = YES;
				CLANG_ENABLE_OBJC_WEAK = YES;
				CLANG_WARN_BLOCK_CAPTURE_AUTORELEASING = YES;
				CLANG_WARN_BOOL_CONVERSION = YES;
				CLANG_WARN_COMMA = YES;
				CLANG_WARN_CONSTANT_CONVERSION = YES;
				CLANG_WARN_DEPRECATED_OBJC_IMPLEMENTATIONS = YES;
				CLANG_WARN_DIRECT_OBJC_ISA_USAGE = YES_ERROR;
				CLANG_WARN_DOCUMENTATION_COMMENTS = YES;
				CLANG_WARN_EMPTY_BODY = YES;
				CLANG_WARN_ENUM_CONVERSION = YES;
				CLANG_WARN_INFINITE_RECURSION = YES;
				CLANG_WARN_INT_CONVERSION = YES;
				CLANG_WARN_NON_LITERAL_NULL_CONVERSION = YES;
				CLANG_WARN_OBJC_IMPLICIT_RETAIN_SELF = YES;
				CLANG_WARN_OBJC_LITERAL_CONVERSION = YES;
				CLANG_WARN_OBJC_ROOT_CLASS = YES_ERROR;
				CLANG_WARN_QUOTED_INCLUDE_IN_FRAMEWORK_HEADER = YES;
				CLANG_WARN_RANGE_LOOP_ANALYSIS = YES;
				CLANG_WARN_STRICT_PROTOTYPES = YES;
				CLANG_WARN_SUSPICIOUS_MOVE = YES;
				CLANG_WARN_UNGUARDED_AVAILABILITY = YES_AGGRESSIVE;
				CLANG_WARN_UNREACHABLE_CODE = YES;
				CLANG_WARN__DUPLICATE_METHOD_MATCH = YES;
				COPY_PHASE_STRIP = NO;
				DEBUG_INFORMATION_FORMAT = "dwarf-with-dsym";
				ENABLE_NS_ASSERTIONS = NO;
				ENABLE_STRICT_OBJC_MSGSEND = YES;
				ENABLE_USER_SCRIPT_SANDBOXING = YES;
				GCC_C_LANGUAGE_STANDARD = gnu17;
				GCC_NO_COMMON_BLOCKS = YES;
				GCC_WARN_64_TO_32_BIT_CONVERSION = YES;
				GCC_WARN_ABOUT_RETURN_TYPE = YES_ERROR;
				GCC_WARN_UNDECLARED_SELECTOR = YES;
				GCC_WARN_UNINITIALIZED_AUTOS = YES_AGGRESSIVE;
				GCC_WARN_UNUSED_FUNCTION = YES;
				GCC_WARN_UNUSED_VARIABLE = YES;
				IPHONEOS_DEPLOYMENT_TARGET = 18.0;
				LOCALIZATION_PREFERS_STRING_CATALOGS = YES;
				MTL_ENABLE_DEBUG_INFO = NO;
				MTL_FAST_MATH = YES;
				SDKROOT = iphoneos;
				SWIFT_COMPILATION_MODE = wholemodule;
				VALIDATE_PRODUCT = YES;
			};
			name = Release;
		};
/* End XCBuildConfiguration section */

/* Begin XCConfigurationList section */
		EE782E3C2CC353B300311B08 /* Build configuration list for PBXNativeTarget "mvvm-combine-demoTests" */ = {
			isa = XCConfigurationList;
			buildConfigurations = (
				EE782E3A2CC353B300311B08 /* Debug */,
				EE782E3B2CC353B300311B08 /* Release */,
			);
			defaultConfigurationIsVisible = 0;
			defaultConfigurationName = Release;
		};
		EED5A40E2CC2552C00D91781 /* Build configuration list for PBXProject "mvvm-combine-demo" */ = {
			isa = XCConfigurationList;
			buildConfigurations = (
				EED5A4292CC2552E00D91781 /* Debug */,
				EED5A42A2CC2552E00D91781 /* Release */,
			);
			defaultConfigurationIsVisible = 0;
			defaultConfigurationName = Release;
		};
		EED5A4262CC2552E00D91781 /* Build configuration list for PBXNativeTarget "mvvm-combine-demo" */ = {
			isa = XCConfigurationList;
			buildConfigurations = (
				EED5A4272CC2552E00D91781 /* Debug */,
				EED5A4282CC2552E00D91781 /* Release */,
			);
			defaultConfigurationIsVisible = 0;
			defaultConfigurationName = Release;
		};
/* End XCConfigurationList section */
	};
	rootObject = EED5A40B2CC2552C00D91781 /* Project object */;
}
